
Microsoft Visual Studio Solution File, Format Version 12.00
# Visual Studio Version 16
VisualStudioVersion = 16.0.30517.126
MinimumVisualStudioVersion = 10.0.40219.1
Project("{FAE04EC0-301F-11D3-BF4B-00C04F79EFBC}") = "DataLib", "DataLib\DataLib.csproj", "{7A125A81-70D3-4B50-A9F1-4163FDBFFB1D}"
EndProject
Project("{FAE04EC0-301F-11D3-BF4B-00C04F79EFBC}") = "MAIN_LAB", "MAIN_LAB\MAIN_LAB.csproj", "{B4534725-B689-4EFA-A16C-B9F27FBBE25D}"
EndProject
Global
	GlobalSection(SolutionConfigurationPlatforms) = preSolution
		Debug|Any CPU = Debug|Any CPU
		Release|Any CPU = Release|Any CPU
	EndGlobalSection
	GlobalSection(ProjectConfigurationPlatforms) = postSolution
		{7A125A81-70D3-4B50-A9F1-4163FDBFFB1D}.Debug|Any CPU.ActiveCfg = Debug|Any CPU
		{7A125A81-70D3-4B50-A9F1-4163FDBFFB1D}.Release|Any CPU.ActiveCfg = Release|Any CPU
		{7A125A81-70D3-4B50-A9F1-4163FDBFFB1D}.Release|Any CPU.Build.0 = Release|Any CPU
		{B4534725-B689-4EFA-A16C-B9F27FBBE25D}.Debug|Any CPU.ActiveCfg = Debug|Any CPU
		{B4534725-B689-4EFA-A16C-B9F27FBBE25D}.Debug|Any CPU.Build.0 = Debug|Any CPU
		{B4534725-B689-4EFA-A16C-B9F27FBBE25D}.Release|Any CPU.ActiveCfg = Release|Any CPU
		{B4534725-B689-4EFA-A16C-B9F27FBBE25D}.Release|Any CPU.Build.0 = Release|Any CPU
	EndGlobalSection
	GlobalSection(SolutionProperties) = preSolution
		HideSolutionNode = FALSE
	EndGlobalSection
	GlobalSection(ExtensibilityGlobals) = postSolution
		SolutionGuid = {842EAA42-9943-4E56-9304-39439D350912}
	EndGlobalSection
EndGlobal
